// !$*UTF8*$!
{
	archiveVersion = 1;
	classes = {
	};
	objectVersion = 46;
	objects = {

/* Begin PBXBuildFile section */
		D6A8F1517AACE89EE95EBF9A /* Pods_ChatApp.framework in Frameworks */ = {isa = PBXBuildFile; fileRef = 936CA4082C1D6BE4D2A232A0 /* Pods_ChatApp.framework */; };
		DF0F2CDF1E33FB3300E11724 /* AppDelegate.swift in Sources */ = {isa = PBXBuildFile; fileRef = DF0F2CDE1E33FB3300E11724 /* AppDelegate.swift */; };
		DF0F2CE41E33FB3300E11724 /* Main.storyboard in Resources */ = {isa = PBXBuildFile; fileRef = DF0F2CE21E33FB3300E11724 /* Main.storyboard */; };
		DF0F2CE61E33FB3300E11724 /* Assets.xcassets in Resources */ = {isa = PBXBuildFile; fileRef = DF0F2CE51E33FB3300E11724 /* Assets.xcassets */; };
		DF0F2CE91E33FB3300E11724 /* LaunchScreen.storyboard in Resources */ = {isa = PBXBuildFile; fileRef = DF0F2CE71E33FB3300E11724 /* LaunchScreen.storyboard */; };
		DF0F2CF11E33FB7600E11724 /* ChatViewController.swift in Sources */ = {isa = PBXBuildFile; fileRef = DF0F2CF01E33FB7600E11724 /* ChatViewController.swift */; };
		DF0F2CF31E34048900E11724 /* Message.swift in Sources */ = {isa = PBXBuildFile; fileRef = DF0F2CF21E34048900E11724 /* Message.swift */; };
		DF0F2CF51E3418A600E11724 /* GoogleService-Info.plist in Resources */ = {isa = PBXBuildFile; fileRef = DF0F2CF41E3418A600E11724 /* GoogleService-Info.plist */; };
/* End PBXBuildFile section */

/* Begin PBXFileReference section */
		73293E7C84524F0DFA8C7C19 /* Pods-ChatApp.release.xcconfig */ = {isa = PBXFileReference; includeInIndex = 1; lastKnownFileType = text.xcconfig; name = "Pods-ChatApp.release.xcconfig"; path = "Pods/Target Support Files/Pods-ChatApp/Pods-ChatApp.release.xcconfig"; sourceTree = "<group>"; };
		7F6590EB6BDCF563E7A15658 /* Pods-ChatApp.debug.xcconfig */ = {isa = PBXFileReference; includeInIndex = 1; lastKnownFileType = text.xcconfig; name = "Pods-ChatApp.debug.xcconfig"; path = "Pods/Target Support Files/Pods-ChatApp/Pods-ChatApp.debug.xcconfig"; sourceTree = "<group>"; };
		936CA4082C1D6BE4D2A232A0 /* Pods_ChatApp.framework */ = {isa = PBXFileReference; explicitFileType = wrapper.framework; includeInIndex = 0; path = Pods_ChatApp.framework; sourceTree = BUILT_PRODUCTS_DIR; };
		DF0F2CDB1E33FB3300E11724 /* ChatApp.app */ = {isa = PBXFileReference; explicitFileType = wrapper.application; includeInIndex = 0; path = ChatApp.app; sourceTree = BUILT_PRODUCTS_DIR; };
		DF0F2CDE1E33FB3300E11724 /* AppDelegate.swift */ = {isa = PBXFileReference; lastKnownFileType = sourcecode.swift; path = AppDelegate.swift; sourceTree = "<group>"; };
		DF0F2CE31E33FB3300E11724 /* Base */ = {isa = PBXFileReference; lastKnownFileType = file.storyboard; name = Base; path = Base.lproj/Main.storyboard; sourceTree = "<group>"; };
		DF0F2CE51E33FB3300E11724 /* Assets.xcassets */ = {isa = PBXFileReference; lastKnownFileType = folder.assetcatalog; path = Assets.xcassets; sourceTree = "<group>"; };
		DF0F2CE81E33FB3300E11724 /* Base */ = {isa = PBXFileReference; lastKnownFileType = file.storyboard; name = Base; path = Base.lproj/LaunchScreen.storyboard; sourceTree = "<group>"; };
		DF0F2CEA1E33FB3300E11724 /* Info.plist */ = {isa = PBXFileReference; lastKnownFileType = text.plist.xml; path = Info.plist; sourceTree = "<group>"; };
		DF0F2CF01E33FB7600E11724 /* ChatViewController.swift */ = {isa = PBXFileReference; fileEncoding = 4; lastKnownFileType = sourcecode.swift; path = ChatViewController.swift; sourceTree = "<group>"; };
		DF0F2CF21E34048900E11724 /* Message.swift */ = {isa = PBXFileReference; fileEncoding = 4; lastKnownFileType = sourcecode.swift; path = Message.swift; sourceTree = "<group>"; };
		DF0F2CF41E3418A600E11724 /* GoogleService-Info.plist */ = {isa = PBXFileReference; fileEncoding = 4; lastKnownFileType = text.plist.xml; path = "GoogleService-Info.plist"; sourceTree = "<group>"; };
/* End PBXFileReference section */

/* Begin PBXFrameworksBuildPhase section */
		DF0F2CD81E33FB3300E11724 /* Frameworks */ = {
			isa = PBXFrameworksBuildPhase;
			buildActionMask = 2147483647;
			files = (
				D6A8F1517AACE89EE95EBF9A /* Pods_ChatApp.framework in Frameworks */,
			);
			runOnlyForDeploymentPostprocessing = 0;
		};
/* End PBXFrameworksBuildPhase section */

/* Begin PBXGroup section */
		3B4AFE340020BF62D951027A /* Frameworks */ = {
			isa = PBXGroup;
			children = (
				936CA4082C1D6BE4D2A232A0 /* Pods_ChatApp.framework */,
			);
			name = Frameworks;
			sourceTree = "<group>";
		};
		8E8011F0FA44A5C52D45559A /* Pods */ = {
			isa = PBXGroup;
			children = (
				7F6590EB6BDCF563E7A15658 /* Pods-ChatApp.debug.xcconfig */,
				73293E7C84524F0DFA8C7C19 /* Pods-ChatApp.release.xcconfig */,
			);
			name = Pods;
			sourceTree = "<group>";
		};
		DF0F2CD21E33FB3300E11724 = {
			isa = PBXGroup;
			children = (
				DF0F2CDD1E33FB3300E11724 /* ChatApp */,
				DF0F2CDC1E33FB3300E11724 /* Products */,
				8E8011F0FA44A5C52D45559A /* Pods */,
				3B4AFE340020BF62D951027A /* Frameworks */,
			);
			sourceTree = "<group>";
		};
		DF0F2CDC1E33FB3300E11724 /* Products */ = {
			isa = PBXGroup;
			children = (
				DF0F2CDB1E33FB3300E11724 /* ChatApp.app */,
			);
			name = Products;
			sourceTree = "<group>";
		};
		DF0F2CDD1E33FB3300E11724 /* ChatApp */ = {
			isa = PBXGroup;
			children = (
				DF0F2CDE1E33FB3300E11724 /* AppDelegate.swift */,
				DF0F2CE21E33FB3300E11724 /* Main.storyboard */,
				DF0F2CE51E33FB3300E11724 /* Assets.xcassets */,
				DF0F2CE71E33FB3300E11724 /* LaunchScreen.storyboard */,
				DF0F2CF41E3418A600E11724 /* GoogleService-Info.plist */,
				DF0F2CEA1E33FB3300E11724 /* Info.plist */,
				DF0F2CF01E33FB7600E11724 /* ChatViewController.swift */,
				DF0F2CF21E34048900E11724 /* Message.swift */,
			);
			path = ChatApp;
			sourceTree = "<group>";
		};
/* End PBXGroup section */

/* Begin PBXNativeTarget section */
		DF0F2CDA1E33FB3300E11724 /* ChatApp */ = {
			isa = PBXNativeTarget;
			buildConfigurationList = DF0F2CED1E33FB3300E11724 /* Build configuration list for PBXNativeTarget "ChatApp" */;
			buildPhases = (
				90146C5300F166BF5F7C10E8 /* [CP] Check Pods Manifest.lock */,
				DF0F2CD71E33FB3300E11724 /* Sources */,
				DF0F2CD81E33FB3300E11724 /* Frameworks */,
				DF0F2CD91E33FB3300E11724 /* Resources */,
				0A9313198522385A5DD195E9 /* [CP] Embed Pods Frameworks */,
				11BCCAB44B460C19FF41A71B /* [CP] Copy Pods Resources */,
			);
			buildRules = (
			);
			dependencies = (
			);
			name = ChatApp;
			productName = ChatApp;
			productReference = DF0F2CDB1E33FB3300E11724 /* ChatApp.app */;
			productType = "com.apple.product-type.application";
		};
/* End PBXNativeTarget section */

/* Begin PBXProject section */
		DF0F2CD31E33FB3300E11724 /* Project object */ = {
			isa = PBXProject;
			attributes = {
				LastSwiftUpdateCheck = 0820;
				LastUpgradeCheck = 0820;
				ORGANIZATIONNAME = BW;
				TargetAttributes = {
					DF0F2CDA1E33FB3300E11724 = {
						CreatedOnToolsVersion = 8.2;
						DevelopmentTeam = 7WN8DC46RR;
						ProvisioningStyle = Automatic;
					};
				};
			};
			buildConfigurationList = DF0F2CD61E33FB3300E11724 /* Build configuration list for PBXProject "ChatApp" */;
			compatibilityVersion = "Xcode 3.2";
			developmentRegion = English;
			hasScannedForEncodings = 0;
			knownRegions = (
				en,
				Base,
			);
			mainGroup = DF0F2CD21E33FB3300E11724;
			productRefGroup = DF0F2CDC1E33FB3300E11724 /* Products */;
			projectDirPath = "";
			projectRoot = "";
			targets = (
				DF0F2CDA1E33FB3300E11724 /* ChatApp */,
			);
		};
/* End PBXProject section */

/* Begin PBXResourcesBuildPhase section */
		DF0F2CD91E33FB3300E11724 /* Resources */ = {
			isa = PBXResourcesBuildPhase;
			buildActionMask = 2147483647;
			files = (
				DF0F2CE91E33FB3300E11724 /* LaunchScreen.storyboard in Resources */,
				DF0F2CF51E3418A600E11724 /* GoogleService-Info.plist in Resources */,
				DF0F2CE61E33FB3300E11724 /* Assets.xcassets in Resources */,
				DF0F2CE41E33FB3300E11724 /* Main.storyboard in Resources */,
			);
			runOnlyForDeploymentPostprocessing = 0;
		};
/* End PBXResourcesBuildPhase section */

/* Begin PBXShellScriptBuildPhase section */
		0A9313198522385A5DD195E9 /* [CP] Embed Pods Frameworks */ = {
			isa = PBXShellScriptBuildPhase;
			buildActionMask = 2147483647;
			files = (
			);
			inputPaths = (
			);
			name = "[CP] Embed Pods Frameworks";
			outputPaths = (
			);
			runOnlyForDeploymentPostprocessing = 0;
			shellPath = /bin/sh;
			shellScript = "\"${SRCROOT}/Pods/Target Support Files/Pods-ChatApp/Pods-ChatApp-frameworks.sh\"\n";
			showEnvVarsInLog = 0;
		};
		11BCCAB44B460C19FF41A71B /* [CP] Copy Pods Resources */ = {
			isa = PBXShellScriptBuildPhase;
			buildActionMask = 2147483647;
			files = (
			);
			inputPaths = (
			);
			name = "[CP] Copy Pods Resources";
			outputPaths = (
			);
			runOnlyForDeploymentPostprocessing = 0;
			shellPath = /bin/sh;
			shellScript = "\"${SRCROOT}/Pods/Target Support Files/Pods-ChatApp/Pods-ChatApp-resources.sh\"\n";
			showEnvVarsInLog = 0;
		};
		90146C5300F166BF5F7C10E8 /* [CP] Check Pods Manifest.lock */ = {
			isa = PBXShellScriptBuildPhase;
			buildActionMask = 2147483647;
			files = (
			);
			inputPaths = (
			);
			name = "[CP] Check Pods Manifest.lock";
			outputPaths = (
			);
			runOnlyForDeploymentPostprocessing = 0;
			shellPath = /bin/sh;
			shellScript = "diff \"${PODS_ROOT}/../Podfile.lock\" \"${PODS_ROOT}/Manifest.lock\" > /dev/null\nif [ $? != 0 ] ; then\n    # print error to STDERR\n    echo \"error: The sandbox is not in sync with the Podfile.lock. Run 'pod install' or update your CocoaPods installation.\" >&2\n    exit 1\nfi\n";
			showEnvVarsInLog = 0;
		};
/* End PBXShellScriptBuildPhase section */

/* Begin PBXSourcesBuildPhase section */
		DF0F2CD71E33FB3300E11724 /* Sources */ = {
			isa = PBXSourcesBuildPhase;
			buildActionMask = 2147483647;
			files = (
				DF0F2CF31E34048900E11724 /* Message.swift in Sources */,
				DF0F2CF11E33FB7600E11724 /* ChatViewController.swift in Sources */,
				DF0F2CDF1E33FB3300E11724 /* AppDelegate.swift in Sources */,
			);
			runOnlyForDeploymentPostprocessing = 0;
		};
/* End PBXSourcesBuildPhase section */

/* Begin PBXVariantGroup section */
		DF0F2CE21E33FB3300E11724 /* Main.storyboard */ = {
			isa = PBXVariantGroup;
			children = (
				DF0F2CE31E33FB3300E11724 /* Base */,
			);
			name = Main.storyboard;
			sourceTree = "<group>";
		};
		DF0F2CE71E33FB3300E11724 /* LaunchScreen.storyboard */ = {
			isa = PBXVariantGroup;
			children = (
				DF0F2CE81E33FB3300E11724 /* Base */,
			);
			name = LaunchScreen.storyboard;
			sourceTree = "<group>";
		};
/* End PBXVariantGroup section */

/* Begin XCBuildConfiguration section */
		DF0F2CEB1E33FB3300E11724 /* Debug */ = {
			isa = XCBuildConfiguration;
			buildSettings = {
				ALWAYS_SEARCH_USER_PATHS = NO;
				CLANG_ANALYZER_NONNULL = YES;
				CLANG_CXX_LANGUAGE_STANDARD = "gnu++0x";
				CLANG_CXX_LIBRARY = "libc++";
				CLANG_ENABLE_MODULES = YES;
				CLANG_ENABLE_OBJC_ARC = YES;
				CLANG_WARN_BOOL_CONVERSION = YES;
				CLANG_WARN_CONSTANT_CONVERSION = YES;
				CLANG_WARN_DIRECT_OBJC_ISA_USAGE = YES_ERROR;
				CLANG_WARN_DOCUMENTATION_COMMENTS = YES;
				CLANG_WARN_EMPTY_BODY = YES;
				CLANG_WARN_ENUM_CONVERSION = YES;
				CLANG_WARN_INFINITE_RECURSION = YES;
				CLANG_WARN_INT_CONVERSION = YES;
				CLANG_WARN_OBJC_ROOT_CLASS = YES_ERROR;
				CLANG_WARN_SUSPICIOUS_MOVE = YES;
				CLANG_WARN_UNREACHABLE_CODE = YES;
				CLANG_WARN__DUPLICATE_METHOD_MATCH = YES;
				"CODE_SIGN_IDENTITY[sdk=iphoneos*]" = "iPhone Developer";
				COPY_PHASE_STRIP = NO;
				DEBUG_INFORMATION_FORMAT = dwarf;
				ENABLE_STRICT_OBJC_MSGSEND = YES;
				ENABLE_TESTABILITY = YES;
				GCC_C_LANGUAGE_STANDARD = gnu99;
				GCC_DYNAMIC_NO_PIC = NO;
				GCC_NO_COMMON_BLOCKS = YES;
				GCC_OPTIMIZATION_LEVEL = 0;
				GCC_PREPROCESSOR_DEFINITIONS = (
					"DEBUG=1",
					"$(inherited)",
				);
				GCC_WARN_64_TO_32_BIT_CONVERSION = YES;
				GCC_WARN_ABOUT_RETURN_TYPE = YES_ERROR;
				GCC_WARN_UNDECLARED_SELECTOR = YES;
				GCC_WARN_UNINITIALIZED_AUTOS = YES_AGGRESSIVE;
				GCC_WARN_UNUSED_FUNCTION = YES;
				GCC_WARN_UNUSED_VARIABLE = YES;
				IPHONEOS_DEPLOYMENT_TARGET = 10.2;
				MTL_ENABLE_DEBUG_INFO = YES;
				ONLY_ACTIVE_ARCH = YES;
				SDKROOT = iphoneos;
				SWIFT_ACTIVE_COMPILATION_CONDITIONS = DEBUG;
				SWIFT_OPTIMIZATION_LEVEL = "-Onone";
				TARGETED_DEVICE_FAMILY = "1,2";
			};
			name = Debug;
		};
		DF0F2CEC1E33FB3300E11724 /* Release */ = {
			isa = XCBuildConfiguration;
			buildSettings = {
				ALWAYS_SEARCH_USER_PATHS = NO;
				CLANG_ANALYZER_NONNULL = YES;
				CLANG_CXX_LANGUAGE_STANDARD = "gnu++0x";
				CLANG_CXX_LIBRARY = "libc++";
				CLANG_ENABLE_MODULES = YES;
				CLANG_ENABLE_OBJC_ARC = YES;
				CLANG_WARN_BOOL_CONVERSION = YES;
				CLANG_WARN_CONSTANT_CONVERSION = YES;
				CLANG_WARN_DIRECT_OBJC_ISA_USAGE = YES_ERROR;
				CLANG_WARN_DOCUMENTATION_COMMENTS = YES;
				CLANG_WARN_EMPTY_BODY = YES;
				CLANG_WARN_ENUM_CONVERSION = YES;
				CLANG_WARN_INFINITE_RECURSION = YES;
				CLANG_WARN_INT_CONVERSION = YES;
				CLANG_WARN_OBJC_ROOT_CLASS = YES_ERROR;
				CLANG_WARN_SUSPICIOUS_MOVE = YES;
				CLANG_WARN_UNREACHABLE_CODE = YES;
				CLANG_WARN__DUPLICATE_METHOD_MATCH = YES;
				"CODE_SIGN_IDENTITY[sdk=iphoneos*]" = "iPhone Developer";
				COPY_PHASE_STRIP = NO;
				DEBUG_INFORMATION_FORMAT = "dwarf-with-dsym";
				ENABLE_NS_ASSERTIONS = NO;
				ENABLE_STRICT_OBJC_MSGSEND = YES;
				GCC_C_LANGUAGE_STANDARD = gnu99;
				GCC_NO_COMMON_BLOCKS = YES;
				GCC_WARN_64_TO_32_BIT_CONVERSION = YES;
				GCC_WARN_ABOUT_RETURN_TYPE = YES_ERROR;
				GCC_WARN_UNDECLARED_SELECTOR = YES;
				GCC_WARN_UNINITIALIZED_AUTOS = YES_AGGRESSIVE;
				GCC_WARN_UNUSED_FUNCTION = YES;
				GCC_WARN_UNUSED_VARIABLE = YES;
				IPHONEOS_DEPLOYMENT_TARGET = 10.2;
				MTL_ENABLE_DEBUG_INFO = NO;
				SDKROOT = iphoneos;
				SWIFT_OPTIMIZATION_LEVEL = "-Owholemodule";
				TARGETED_DEVICE_FAMILY = "1,2";
				VALIDATE_PRODUCT = YES;
			};
			name = Release;
		};
		DF0F2CEE1E33FB3300E11724 /* Debug */ = {
			isa = XCBuildConfiguration;
			baseConfigurationReference = 7F6590EB6BDCF563E7A15658 /* Pods-ChatApp.debug.xcconfig */;
			buildSettings = {
				ASSETCATALOG_COMPILER_APPICON_NAME = AppIcon;
				DEVELOPMENT_TEAM = 7WN8DC46RR;
				INFOPLIST_FILE = ChatApp/Info.plist;
				IPHONEOS_DEPLOYMENT_TARGET = 11.1;
				LD_RUNPATH_SEARCH_PATHS = "$(inherited) @executable_path/Frameworks";
				PRODUCT_BUNDLE_IDENTIFIER = com.hackgteeny.chatapp;
				PRODUCT_NAME = "$(TARGET_NAME)";
				SWIFT_VERSION = 3.0;
			};
			name = Debug;
		};
		DF0F2CEF1E33FB3300E11724 /* Release */ = {
			isa = XCBuildConfiguration;
			baseConfigurationReference = 73293E7C84524F0DFA8C7C19 /* Pods-ChatApp.release.xcconfig */;
			buildSettings = {
				ASSETCATALOG_COMPILER_APPICON_NAME = AppIcon;
				DEVELOPMENT_TEAM = 7WN8DC46RR;
				INFOPLIST_FILE = ChatApp/Info.plist;
				IPHONEOS_DEPLOYMENT_TARGET = 11.1;
				LD_RUNPATH_SEARCH_PATHS = "$(inherited) @executable_path/Frameworks";
				PRODUCT_BUNDLE_IDENTIFIER = com.hackgteeny.chatapp;
				PRODUCT_NAME = "$(TARGET_NAME)";
				SWIFT_VERSION = 3.0;
			};
			name = Release;
		};
/* End XCBuildConfiguration section */

/* Begin XCConfigurationList section */
		DF0F2CD61E33FB3300E11724 /* Build configuration list for PBXProject "ChatApp" */ = {
			isa = XCConfigurationList;
			buildConfigurations = (
				DF0F2CEB1E33FB3300E11724 /* Debug */,
				DF0F2CEC1E33FB3300E11724 /* Release */,
			);
			defaultConfigurationIsVisible = 0;
			defaultConfigurationName = Release;
		};
		DF0F2CED1E33FB3300E11724 /* Build configuration list for PBXNativeTarget "ChatApp" */ = {
			isa = XCConfigurationList;
			buildConfigurations = (
				DF0F2CEE1E33FB3300E11724 /* Debug */,
				DF0F2CEF1E33FB3300E11724 /* Release */,
			);
			defaultConfigurationIsVisible = 0;
			defaultConfigurationName = Release;
		};
/* End XCConfigurationList section */
	};
	rootObject = DF0F2CD31E33FB3300E11724 /* Project object */;
}
